// !$*UTF8*$!
{
    archiveVersion = 1;
    classes = {
    };
    objectVersion = 50;
    objects = {
        /* Begin PBXBuildFile section */
        3A1234567890ABCD0123456 /* AppDelegate.swift in Sources */ = {isa = PBXBuildFile; fileRef = 3A1234567890ABCD0123456 /* AppDelegate.swift */; };
        3A1234567890ABCD0123457 /* SceneDelegate.swift in Sources */ = {isa = PBXBuildFile; fileRef = 3A1234567890ABCD0123457 /* SceneDelegate.swift */; };
        3A1234567890ABCD0123458 /* CountriesViewController.swift in Sources */ = {isa = PBXBuildFile; fileRef = 3A1234567890ABCD0123458 /* CountriesViewController.swift */; };
        3A1234567890ABCD0123459 /* Assets.xcassets in Resources */ = {isa = PBXBuildFile; fileRef = 3A1234567890ABCD0123459 /* Assets.xcassets */; };
        3A1234567890ABCD012345A /* LaunchScreen.storyboard in Resources */ = {isa = PBXBuildFile; fileRef = 3A1234567890ABCD012345A /* LaunchScreen.storyboard */; };
        3A1234567890ABCD012345B /* Country.swift in Sources */ = {isa = PBXBuildFile; fileRef = 3A1234567890ABCD012345B /* Country.swift */; };
        3A1234567890ABCD012345C /* CountryCell.swift in Sources */ = {isa = PBXBuildFile; fileRef = 3A1234567890ABCD012345C /* CountryCell.swift */; };
        3A1234567890ABCD012345D /* NetworkService.swift in Sources */ = {isa = PBXBuildFile; fileRef = 3A1234567890ABCD012345D /* NetworkService.swift */; };
        /* End PBXBuildFile section */
        
        /* Begin PBXFileReference section */
        3A1234567890ABCD012345E /* CountriesApp.app */ = {isa = PBXFileReference; explicitFileType = wrapper.application; includeInIndex = 0; path = CountriesApp.app; sourceTree = BUILT_PRODUCTS_DIR; };
        3A1234567890ABCD0123456 /* AppDelegate.swift */ = {isa = PBXFileReference; lastKnownFileType = sourcecode.swift; path = AppDelegate.swift; sourceTree = "<group>"; };
        3A1234567890ABCD0123457 /* SceneDelegate.swift */ = {isa = PBXFileReference; lastKnownFileType = sourcecode.swift; path = SceneDelegate.swift; sourceTree = "<group>"; };
        3A1234567890ABCD0123458 /* CountriesViewController.swift */ = {isa = PBXFileReference; lastKnownFileType = sourcecode.swift; path = CountriesViewController.swift; sourceTree = "<group>"; };
        3A1234567890ABCD0123459 /* Assets.xcassets */ = {isa = PBXFileReference; lastKnownFileType = folder.assetcatalog; path = Assets.xcassets; sourceTree = "<group>"; };
        3A1234567890ABCD012345A /* Base */ = {isa = PBXFileReference; lastKnownFileType = file.storyboard; name = Base; path = Base.lproj/LaunchScreen.storyboard; sourceTree = "<group>"; };
        3A1234567890ABCD012345F /* Info.plist */ = {isa = PBXFileReference; lastKnownFileType = text.plist.xml; path = Info.plist; sourceTree = "<group>"; };
        3A1234567890ABCD012345B /* Country.swift */ = {isa = PBXFileReference; lastKnownFileType = sourcecode.swift; path = Country.swift; sourceTree = "<group>"; };
        3A1234567890ABCD012345C /* CountryCell.swift */ = {isa = PBXFileReference; lastKnownFileType = sourcecode.swift; path = CountryCell.swift; sourceTree = "<group>"; };
        3A1234567890ABCD012345D /* NetworkService.swift */ = {isa = PBXFileReference; lastKnownFileType = sourcecode.swift; path = NetworkService.swift; sourceTree = "<group>"; };
        /* End PBXFileReference section */
        
        /* This is a simplified placeholder for an Xcode project file.
           In a real project, this would be generated by Xcode.
           For assessment purposes, this shows the structure of files in the project. */
    };
    rootObject = 3A1234567890ABCD012345G /* Project object */;
}